
Microsoft Visual Studio Solution File, Format Version 12.00
# Visual Studio Version 16
VisualStudioVersion = 16.0.29613.14
MinimumVisualStudioVersion = 10.0.40219.1
Project("{FAE04EC0-301F-11D3-BF4B-00C04F79EFBC}") = "MailServiceOutlookAdd-in", "MailServiceOutlookAdd-in\MailServiceOutlookAdd-in.csproj", "{109C6580-EB92-433F-B281-9906CE4C39D6}"
EndProject
Global
	GlobalSection(SolutionConfigurationPlatforms) = preSolution
		Debug|Any CPU = Debug|Any CPU
		Release|Any CPU = Release|Any CPU
	EndGlobalSection
	GlobalSection(ProjectConfigurationPlatforms) = postSolution
		{109C6580-EB92-433F-B281-9906CE4C39D6}.Debug|Any CPU.ActiveCfg = Debug|Any CPU
		{109C6580-EB92-433F-B281-9906CE4C39D6}.Debug|Any CPU.Build.0 = Debug|Any CPU
		{109C6580-EB92-433F-B281-9906CE4C39D6}.Release|Any CPU.ActiveCfg = Release|Any CPU
		{109C6580-EB92-433F-B281-9906CE4C39D6}.Release|Any CPU.Build.0 = Release|Any CPU
	EndGlobalSection
	GlobalSection(SolutionProperties) = preSolution
		HideSolutionNode = FALSE
	EndGlobalSection
	GlobalSection(ExtensibilityGlobals) = postSolution
		SolutionGuid = {F46E06EB-8D6D-4686-992E-E0C7D088125B}
	EndGlobalSection
EndGlobal
